
Microsoft Visual Studio Solution File, Format Version 12.00
# Visual Studio Version 17
VisualStudioVersion = 17.2.32616.157
MinimumVisualStudioVersion = 10.0.40219.1
Project("{FAE04EC0-301F-11D3-BF4B-00C04F79EFBC}") = "SnakeLadder", "SnakeLadder.csproj", "{96D4E719-0335-4D49-8A8F-B64F348986CB}"
EndProject
Global
	GlobalSection(SolutionConfigurationPlatforms) = preSolution
		Debug|Any CPU = Debug|Any CPU
		Release|Any CPU = Release|Any CPU
	EndGlobalSection
	GlobalSection(ProjectConfigurationPlatforms) = postSolution
		{96D4E719-0335-4D49-8A8F-B64F348986CB}.Debug|Any CPU.ActiveCfg = Debug|Any CPU
		{96D4E719-0335-4D49-8A8F-B64F348986CB}.Debug|Any CPU.Build.0 = Debug|Any CPU
		{96D4E719-0335-4D49-8A8F-B64F348986CB}.Release|Any CPU.ActiveCfg = Release|Any CPU
		{96D4E719-0335-4D49-8A8F-B64F348986CB}.Release|Any CPU.Build.0 = Release|Any CPU
	EndGlobalSection
	GlobalSection(SolutionProperties) = preSolution
		HideSolutionNode = FALSE
	EndGlobalSection
	GlobalSection(ExtensibilityGlobals) = postSolution
		SolutionGuid = {6E6E5A7D-30FF-4432-B2AA-5F7262CE51CB}
	EndGlobalSection
EndGlobal
